{
  "name": "js-zzrk2j",
  "version": "0.0.0",
  "lockfileVersion": 1,
  "requires": true,
  "dependencies": {
    "@bundled-es-modules/message-format": {
      "version": "6.0.4",
      "resolved": "https://registry.npmjs.org/@bundled-es-modules/message-format/-/message-format-6.0.4.tgz",
      "integrity": "sha512-NGUoPxqsBzDwvRhY3A3L/AhS1hzS9OWappfyDOyCwE7G3W4ua28gau7QwvJz7QzA6ArbAdeb8c1mLjvd1WUFAA=="
    },
    "@lion/button": {
      "version": "0.5.10",
      "resolved": "https://registry.npmjs.org/@lion/button/-/button-0.5.10.tgz",
      "integrity": "sha512-7b9Oje3iLiWUDhIvOeNCRHMKo5UZjispuUmQo2ofC+bkPmRl3Lg3EmGIcXj2gAq9MtIJThZwC2IHa2+XPeA0ew==",
      "requires": {
        "@lion/core": "0.5.0"
      }
    },
    "@lion/core": {
      "version": "0.5.0",
      "resolved": "https://registry.npmjs.org/@lion/core/-/core-0.5.0.tgz",
      "integrity": "sha512-YYA/tkSL/M5IcCcuqZS1m2jWBNz8FMjKuvUFFSm1p/CxtvmbOZhYdztz0jyqT7IEV1blTODk/QsdDfdq8zCRDQ==",
      "requires": {
        "@open-wc/dedupe-mixin": "^1.2.1",
        "@open-wc/scoped-elements": "^1.0.3",
        "lit-element": "^2.2.1",
        "lit-html": "^1.0.0"
      }
    },
    "@lion/field": {
      "version": "0.12.0",
      "resolved": "https://registry.npmjs.org/@lion/field/-/field-0.12.0.tgz",
      "integrity": "sha512-HD89i0pQQ3+RG8fBB9wNh0n8CPO2FIYCtulH7pG8UdGyytScugGj/yW+K6964ddsRtItKniNTY10Lpn4Z6QIlg==",
      "requires": {
        "@lion/core": "0.5.0",
        "@lion/validate": "0.9.0"
      }
    },
    "@lion/fieldset": {
      "version": "0.10.0",
      "resolved": "https://registry.npmjs.org/@lion/fieldset/-/fieldset-0.10.0.tgz",
      "integrity": "sha512-nAiARHiaZpqfSqv8fZvUszmddgVbHPHf1mBJv++aBnJdpMU3nfMMiVBQRdOKBK0WGtOSYpjOls/IJdqwFFplPQ==",
      "requires": {
        "@lion/core": "0.5.0",
        "@lion/field": "0.12.0",
        "@lion/validate": "0.9.0"
      }
    },
    "@lion/form": {
      "version": "0.4.21",
      "resolved": "https://registry.npmjs.org/@lion/form/-/form-0.4.21.tgz",
      "integrity": "sha512-oSdZBUe+WEOnZcDBQ/z5t8OQ6YDFhs/01inIQHpKH5Wk9NxIYvsl3YUdZ0CkP27vqpgGYNkpIzowZrnnA5Ammw==",
      "requires": {
        "@lion/core": "0.5.0",
        "@lion/fieldset": "0.10.0"
      }
    },
    "@lion/input": {
      "version": "0.5.20",
      "resolved": "https://registry.npmjs.org/@lion/input/-/input-0.5.20.tgz",
      "integrity": "sha512-xudkYv6Iv1zZAQKgMS8xUy/Ln6bRRIkEilGe1RQRA43rCS/L8x0gynZ9Ge2PWMkAfGxdepS7WhR8A/2O/Pmtrw==",
      "requires": {
        "@lion/core": "0.5.0",
        "@lion/field": "0.12.0"
      }
    },
    "@lion/localize": {
      "version": "0.9.0",
      "resolved": "https://registry.npmjs.org/@lion/localize/-/localize-0.9.0.tgz",
      "integrity": "sha512-IxHMSpxjirpcCkTfFlXzyNt588/8oNLG6CAph6/1SmcmmsVGBQAaAljrWdWaTMWi55r38guWj1qmHNP9V4oDjg==",
      "requires": {
        "@bundled-es-modules/message-format": "6.0.4",
        "@lion/core": "0.5.0"
      }
    },
    "@lion/validate": {
      "version": "0.9.0",
      "resolved": "https://registry.npmjs.org/@lion/validate/-/validate-0.9.0.tgz",
      "integrity": "sha512-t5ZW9dqJxpOmK1S722M8aKRuqu5jCyFzcdp5B47i1PVlFXQsr0hX/dxcLS1Y1slkWZLa8Jt2dYDt1ntQ7GGTFA==",
      "requires": {
        "@lion/core": "0.5.0",
        "@lion/localize": "0.9.0"
      }
    },
    "@open-wc/dedupe-mixin": {
      "version": "1.2.13",
      "resolved": "https://registry.npmjs.org/@open-wc/dedupe-mixin/-/dedupe-mixin-1.2.13.tgz",
      "integrity": "sha512-t7rTjGegYmZ/Z6xAu7Y+CM3Hgp8tLMgu6PYmFi/50EbQNNLyfXkcd97NABi0tWit+/SQUPc0Z5gLs9ltr7HQXA=="
    },
    "@open-wc/scoped-elements": {
      "version": "1.0.5",
      "resolved": "https://registry.npmjs.org/@open-wc/scoped-elements/-/scoped-elements-1.0.5.tgz",
      "integrity": "sha512-o0o7kQM8bhq+O3qrxn9RzeJBTUJQmhP/zfi8jgVb8+iTEIklDsSLnakuNGffe3Pt0hYcClmRoSCwXiqZGjX/KA==",
      "requires": {
        "@open-wc/dedupe-mixin": "^1.2.13",
        "lit-html": "^1.0.0"
      }
    },
    "lit-element": {
      "version": "2.3.1",
      "resolved": "https://registry.npmjs.org/lit-element/-/lit-element-2.3.1.tgz",
      "integrity": "sha512-tOcUAmeO3BzwiQ7FGWdsshNvC0HVHcTFYw/TLIImmKwXYoV0E7zCBASa8IJ7DiP4cen/Yoj454gS0qqTnIGsFA==",
      "requires": {
        "lit-html": "^1.1.1"
      }
    },
    "lit-html": {
      "version": "1.2.1",
      "resolved": "https://registry.npmjs.org/lit-html/-/lit-html-1.2.1.tgz",
      "integrity": "sha512-GSJHHXMGLZDzTRq59IUfL9FCdAlGfqNp/dEa7k7aBaaWD+JKaCjsAk9KYm2V12ItonVaYx2dprN66Zdm1AuBTQ=="
    }
  }
}
